
Microsoft Visual Studio Solution File, Format Version 12.00
# Visual Studio Version 17
VisualStudioVersion = 17.5.002.0
MinimumVisualStudioVersion = 10.0.40219.1
Project("{9A19103F-16F7-4668-BE54-9A1E7A4F7556}") = "seminar2-tasc2", "seminar2-tasc2.csproj", "{A780A2F9-0F39-43DC-BD9A-9D5C90D07738}"
EndProject
Global
	GlobalSection(SolutionConfigurationPlatforms) = preSolution
		Debug|Any CPU = Debug|Any CPU
		Release|Any CPU = Release|Any CPU
	EndGlobalSection
	GlobalSection(ProjectConfigurationPlatforms) = postSolution
		{A780A2F9-0F39-43DC-BD9A-9D5C90D07738}.Debug|Any CPU.ActiveCfg = Debug|Any CPU
		{A780A2F9-0F39-43DC-BD9A-9D5C90D07738}.Debug|Any CPU.Build.0 = Debug|Any CPU
		{A780A2F9-0F39-43DC-BD9A-9D5C90D07738}.Release|Any CPU.ActiveCfg = Release|Any CPU
		{A780A2F9-0F39-43DC-BD9A-9D5C90D07738}.Release|Any CPU.Build.0 = Release|Any CPU
	EndGlobalSection
	GlobalSection(SolutionProperties) = preSolution
		HideSolutionNode = FALSE
	EndGlobalSection
	GlobalSection(ExtensibilityGlobals) = postSolution
		SolutionGuid = {FA19B807-1B83-4CC1-A0D5-CA17499822C0}
	EndGlobalSection
EndGlobal
